
Microsoft Visual Studio Solution File, Format Version 12.00
# Visual Studio 15
VisualStudioVersion = 15.0.28010.2041
MinimumVisualStudioVersion = 10.0.40219.1
Project("{FAE04EC0-301F-11D3-BF4B-00C04F79EFBC}") = "AdventOfCode2018", "AdventOfCode2018\AdventOfCode2018.csproj", "{96AE441D-3840-4576-8387-BC10BEE6D03A}"
EndProject
Global
	GlobalSection(SolutionConfigurationPlatforms) = preSolution
		Debug|Any CPU = Debug|Any CPU
		Release|Any CPU = Release|Any CPU
	EndGlobalSection
	GlobalSection(ProjectConfigurationPlatforms) = postSolution
		{96AE441D-3840-4576-8387-BC10BEE6D03A}.Debug|Any CPU.ActiveCfg = Debug|Any CPU
		{96AE441D-3840-4576-8387-BC10BEE6D03A}.Debug|Any CPU.Build.0 = Debug|Any CPU
		{96AE441D-3840-4576-8387-BC10BEE6D03A}.Release|Any CPU.ActiveCfg = Release|Any CPU
		{96AE441D-3840-4576-8387-BC10BEE6D03A}.Release|Any CPU.Build.0 = Release|Any CPU
	EndGlobalSection
	GlobalSection(SolutionProperties) = preSolution
		HideSolutionNode = FALSE
	EndGlobalSection
	GlobalSection(ExtensibilityGlobals) = postSolution
		SolutionGuid = {FF84B709-7402-4869-B062-2D6104F49F6A}
	EndGlobalSection
EndGlobal
